
Microsoft Visual Studio Solution File, Format Version 12.00
# Visual Studio Version 17
VisualStudioVersion = 17.14.36603.0
MinimumVisualStudioVersion = 10.0.40219.1
Project("{FAE04EC0-301F-11D3-BF4B-00C04F79EFBC}") = "PimientaRosa.API", "PimientaRosa.API\PimientaRosa.API.csproj", "{8A3721F9-C684-4057-B61B-ACD85280EBD3}"
EndProject
Project("{2150E333-8FDC-42A3-9474-1A3956D46DE8}") = "Elementos de la solución", "Elementos de la solución", "{D107F4C8-89CC-BEA8-D3D7-CA6B7733353D}"
	ProjectSection(SolutionItems) = preProject
		nixpacks.toml = nixpacks.toml
		railway.toml = railway.toml
	EndProjectSection
EndProject
Global
	GlobalSection(SolutionConfigurationPlatforms) = preSolution
		Debug|Any CPU = Debug|Any CPU
		Release|Any CPU = Release|Any CPU
	EndGlobalSection
	GlobalSection(ProjectConfigurationPlatforms) = postSolution
		{8A3721F9-C684-4057-B61B-ACD85280EBD3}.Debug|Any CPU.ActiveCfg = Debug|Any CPU
		{8A3721F9-C684-4057-B61B-ACD85280EBD3}.Debug|Any CPU.Build.0 = Debug|Any CPU
		{8A3721F9-C684-4057-B61B-ACD85280EBD3}.Release|Any CPU.ActiveCfg = Release|Any CPU
		{8A3721F9-C684-4057-B61B-ACD85280EBD3}.Release|Any CPU.Build.0 = Release|Any CPU
	EndGlobalSection
	GlobalSection(SolutionProperties) = preSolution
		HideSolutionNode = FALSE
	EndGlobalSection
	GlobalSection(ExtensibilityGlobals) = postSolution
		SolutionGuid = {78C6A684-1204-49A7-B2B2-0D68F1D1F4AC}
	EndGlobalSection
EndGlobal
